
Microsoft Visual Studio Solution File, Format Version 12.00
# Visual Studio Version 17
VisualStudioVersion = 17.5.33530.505
MinimumVisualStudioVersion = 10.0.40219.1
Project("{FAE04EC0-301F-11D3-BF4B-00C04F79EFBC}") = "Backend-API", "Backend\Backend-API.csproj", "{E6E05FDD-9537-480A-B8A6-14F02A166F6F}"
EndProject
Global
	GlobalSection(SolutionConfigurationPlatforms) = preSolution
		Debug|Any CPU = Debug|Any CPU
		Release|Any CPU = Release|Any CPU
	EndGlobalSection
	GlobalSection(ProjectConfigurationPlatforms) = postSolution
		{E6E05FDD-9537-480A-B8A6-14F02A166F6F}.Debug|Any CPU.ActiveCfg = Debug|Any CPU
		{E6E05FDD-9537-480A-B8A6-14F02A166F6F}.Debug|Any CPU.Build.0 = Debug|Any CPU
		{E6E05FDD-9537-480A-B8A6-14F02A166F6F}.Release|Any CPU.ActiveCfg = Release|Any CPU
		{E6E05FDD-9537-480A-B8A6-14F02A166F6F}.Release|Any CPU.Build.0 = Release|Any CPU
	EndGlobalSection
	GlobalSection(SolutionProperties) = preSolution
		HideSolutionNode = FALSE
	EndGlobalSection
	GlobalSection(ExtensibilityGlobals) = postSolution
		SolutionGuid = {129B9C11-C792-45E3-B2CC-4C823DAEADA0}
	EndGlobalSection
EndGlobal
